
Microsoft Visual Studio Solution File, Format Version 12.00
# Visual Studio Version 17
VisualStudioVersion = 17.4.33213.308
MinimumVisualStudioVersion = 10.0.40219.1
Project("{FAE04EC0-301F-11D3-BF4B-00C04F79EFBC}") = "PUNTO2", "PUNTO2.csproj", "{54B44419-2FF2-4058-A014-7E2DC9FB94A3}"
EndProject
Global
	GlobalSection(SolutionConfigurationPlatforms) = preSolution
		Debug|Any CPU = Debug|Any CPU
		Release|Any CPU = Release|Any CPU
	EndGlobalSection
	GlobalSection(ProjectConfigurationPlatforms) = postSolution
		{54B44419-2FF2-4058-A014-7E2DC9FB94A3}.Debug|Any CPU.ActiveCfg = Debug|Any CPU
		{54B44419-2FF2-4058-A014-7E2DC9FB94A3}.Debug|Any CPU.Build.0 = Debug|Any CPU
		{54B44419-2FF2-4058-A014-7E2DC9FB94A3}.Release|Any CPU.ActiveCfg = Release|Any CPU
		{54B44419-2FF2-4058-A014-7E2DC9FB94A3}.Release|Any CPU.Build.0 = Release|Any CPU
	EndGlobalSection
	GlobalSection(SolutionProperties) = preSolution
		HideSolutionNode = FALSE
	EndGlobalSection
	GlobalSection(ExtensibilityGlobals) = postSolution
		SolutionGuid = {F42D2B66-C955-4E6E-93CE-CF0368E1432D}
	EndGlobalSection
EndGlobal
